// !$*UTF8*$!
{
	archiveVersion = 1;
	classes = {
	};
	objectVersion = 55;
	objects = {

/* Begin PBXBuildFile section */
		1E6596942809AE38002FDF10 /* Moya in Frameworks */ = {isa = PBXBuildFile; productRef = 1E6596932809AE38002FDF10 /* Moya */; };
		1E65969B2809AFAA002FDF10 /* MoyaImages.swift in Sources */ = {isa = PBXBuildFile; fileRef = 1E65969A2809AFAA002FDF10 /* MoyaImages.swift */; };
		1E6596A02809B74E002FDF10 /* SearchImagesResponse.swift in Sources */ = {isa = PBXBuildFile; fileRef = 1E65969F2809B74E002FDF10 /* SearchImagesResponse.swift */; };
		1E6596A32809C31F002FDF10 /* Kingfisher in Frameworks */ = {isa = PBXBuildFile; productRef = 1E6596A22809C31F002FDF10 /* Kingfisher */; };
		1E6596A72809D104002FDF10 /* CampaignLayout.swift in Sources */ = {isa = PBXBuildFile; fileRef = 1E6596A62809D104002FDF10 /* CampaignLayout.swift */; };
		1EBDFE8F2809A5080036C760 /* ImageCVCell.swift in Sources */ = {isa = PBXBuildFile; fileRef = 1EBDFE8D2809A5080036C760 /* ImageCVCell.swift */; };
		1EBDFE902809A5080036C760 /* ImageCVCell.xib in Resources */ = {isa = PBXBuildFile; fileRef = 1EBDFE8E2809A5080036C760 /* ImageCVCell.xib */; };
		1ECC471F2808F6BD00CDF851 /* AppDelegate.swift in Sources */ = {isa = PBXBuildFile; fileRef = 1ECC471E2808F6BD00CDF851 /* AppDelegate.swift */; };
		1ECC47212808F6BD00CDF851 /* SceneDelegate.swift in Sources */ = {isa = PBXBuildFile; fileRef = 1ECC47202808F6BD00CDF851 /* SceneDelegate.swift */; };
		1ECC47282808F6C200CDF851 /* Assets.xcassets in Resources */ = {isa = PBXBuildFile; fileRef = 1ECC47272808F6C200CDF851 /* Assets.xcassets */; };
		1ECC472B2808F6C200CDF851 /* LaunchScreen.storyboard in Resources */ = {isa = PBXBuildFile; fileRef = 1ECC47292808F6C200CDF851 /* LaunchScreen.storyboard */; };
		1ECC47362808F6C200CDF851 /* FlickerSearchTests.swift in Sources */ = {isa = PBXBuildFile; fileRef = 1ECC47352808F6C200CDF851 /* FlickerSearchTests.swift */; };
		1ECC47402808F6C200CDF851 /* FlickerSearchUITests.swift in Sources */ = {isa = PBXBuildFile; fileRef = 1ECC473F2808F6C200CDF851 /* FlickerSearchUITests.swift */; };
		1ECC47422808F6C200CDF851 /* FlickerSearchUITestsLaunchTests.swift in Sources */ = {isa = PBXBuildFile; fileRef = 1ECC47412808F6C200CDF851 /* FlickerSearchUITestsLaunchTests.swift */; };
		1ECC47582808F72500CDF851 /* SearchImagePresenter.swift in Sources */ = {isa = PBXBuildFile; fileRef = 1ECC47522808F72500CDF851 /* SearchImagePresenter.swift */; };
		1ECC47592808F72500CDF851 /* SearchImageRouter.swift in Sources */ = {isa = PBXBuildFile; fileRef = 1ECC47532808F72500CDF851 /* SearchImageRouter.swift */; };
		1ECC475A2808F72500CDF851 /* SearchImageViewController.storyboard in Resources */ = {isa = PBXBuildFile; fileRef = 1ECC47542808F72500CDF851 /* SearchImageViewController.storyboard */; };
		1ECC475B2808F72500CDF851 /* SearchImageViewController.swift in Sources */ = {isa = PBXBuildFile; fileRef = 1ECC47552808F72500CDF851 /* SearchImageViewController.swift */; };
		1ECC475C2808F72500CDF851 /* SearchImageInteractor.swift in Sources */ = {isa = PBXBuildFile; fileRef = 1ECC47562808F72500CDF851 /* SearchImageInteractor.swift */; };
		1ECC475D2808F72500CDF851 /* SearchImageProtocol.swift in Sources */ = {isa = PBXBuildFile; fileRef = 1ECC47572808F72500CDF851 /* SearchImageProtocol.swift */; };
		1ECC4765280901F200CDF851 /* SearchImageResultPresenter.swift in Sources */ = {isa = PBXBuildFile; fileRef = 1ECC475F280901F200CDF851 /* SearchImageResultPresenter.swift */; };
		1ECC4766280901F200CDF851 /* SearchImageResultRouter.swift in Sources */ = {isa = PBXBuildFile; fileRef = 1ECC4760280901F200CDF851 /* SearchImageResultRouter.swift */; };
		1ECC4767280901F200CDF851 /* SearchImageResultViewController.storyboard in Resources */ = {isa = PBXBuildFile; fileRef = 1ECC4761280901F200CDF851 /* SearchImageResultViewController.storyboard */; };
		1ECC4768280901F200CDF851 /* SearchImageResultViewController.swift in Sources */ = {isa = PBXBuildFile; fileRef = 1ECC4762280901F200CDF851 /* SearchImageResultViewController.swift */; };
		1ECC4769280901F200CDF851 /* SearchImageResultInteractor.swift in Sources */ = {isa = PBXBuildFile; fileRef = 1ECC4763280901F200CDF851 /* SearchImageResultInteractor.swift */; };
		1ECC476A280901F200CDF851 /* SearchImageResultProtocol.swift in Sources */ = {isa = PBXBuildFile; fileRef = 1ECC4764280901F200CDF851 /* SearchImageResultProtocol.swift */; };
		1ECC476D2809025800CDF851 /* UserDefaultsValues.swift in Sources */ = {isa = PBXBuildFile; fileRef = 1ECC476C2809025800CDF851 /* UserDefaultsValues.swift */; };
		1ED096F8280AE07200630786 /* MHView.swift in Sources */ = {isa = PBXBuildFile; fileRef = 1ED096F7280AE07200630786 /* MHView.swift */; };
		1ED096FE280AE4A900630786 /* ActivityFooter.swift in Sources */ = {isa = PBXBuildFile; fileRef = 1ED096FD280AE4A900630786 /* ActivityFooter.swift */; };
		1ED09700280AEC5100630786 /* SearchHistoryTests.swift in Sources */ = {isa = PBXBuildFile; fileRef = 1ED096FF280AEC5100630786 /* SearchHistoryTests.swift */; };
		1ED09704280B1DC100630786 /* MoyaProvider+Decode.swift in Sources */ = {isa = PBXBuildFile; fileRef = 1ED09703280B1DC100630786 /* MoyaProvider+Decode.swift */; };
		1ED09708280B3CA300630786 /* SearchImagesResultInteractorTest.swift in Sources */ = {isa = PBXBuildFile; fileRef = 1ED09707280B3CA300630786 /* SearchImagesResultInteractorTest.swift */; };
		1ED164FA280C27BA008D5993 /* SearchImageUITests.swift in Sources */ = {isa = PBXBuildFile; fileRef = 1ED164F9280C27BA008D5993 /* SearchImageUITests.swift */; };
		1ED164FE280C2878008D5993 /* XCUIElement+Size.swift in Sources */ = {isa = PBXBuildFile; fileRef = 1ED164FC280C2877008D5993 /* XCUIElement+Size.swift */; };
		1ED164FF280C2878008D5993 /* XCUIElement+Text.swift in Sources */ = {isa = PBXBuildFile; fileRef = 1ED164FD280C2877008D5993 /* XCUIElement+Text.swift */; };
		1ED16502280CC0BE008D5993 /* UIViewController+Alert.swift in Sources */ = {isa = PBXBuildFile; fileRef = 1ED16501280CC0BE008D5993 /* UIViewController+Alert.swift */; };
/* End PBXBuildFile section */

/* Begin PBXContainerItemProxy section */
		1ECC47322808F6C200CDF851 /* PBXContainerItemProxy */ = {
			isa = PBXContainerItemProxy;
			containerPortal = 1ECC47132808F6BD00CDF851 /* Project object */;
			proxyType = 1;
			remoteGlobalIDString = 1ECC471A2808F6BD00CDF851;
			remoteInfo = FlickerSearch;
		};
		1ECC473C2808F6C200CDF851 /* PBXContainerItemProxy */ = {
			isa = PBXContainerItemProxy;
			containerPortal = 1ECC47132808F6BD00CDF851 /* Project object */;
			proxyType = 1;
			remoteGlobalIDString = 1ECC471A2808F6BD00CDF851;
			remoteInfo = FlickerSearch;
		};
/* End PBXContainerItemProxy section */

/* Begin PBXFileReference section */
		1E65969A2809AFAA002FDF10 /* MoyaImages.swift */ = {isa = PBXFileReference; lastKnownFileType = sourcecode.swift; path = MoyaImages.swift; sourceTree = "<group>"; };
		1E65969F2809B74E002FDF10 /* SearchImagesResponse.swift */ = {isa = PBXFileReference; lastKnownFileType = sourcecode.swift; path = SearchImagesResponse.swift; sourceTree = "<group>"; };
		1E6596A62809D104002FDF10 /* CampaignLayout.swift */ = {isa = PBXFileReference; lastKnownFileType = sourcecode.swift; path = CampaignLayout.swift; sourceTree = "<group>"; };
		1EBDFE8D2809A5080036C760 /* ImageCVCell.swift */ = {isa = PBXFileReference; lastKnownFileType = sourcecode.swift; path = ImageCVCell.swift; sourceTree = "<group>"; };
		1EBDFE8E2809A5080036C760 /* ImageCVCell.xib */ = {isa = PBXFileReference; lastKnownFileType = file.xib; path = ImageCVCell.xib; sourceTree = "<group>"; };
		1ECC471B2808F6BD00CDF851 /* FlickerSearch.app */ = {isa = PBXFileReference; explicitFileType = wrapper.application; includeInIndex = 0; path = FlickerSearch.app; sourceTree = BUILT_PRODUCTS_DIR; };
		1ECC471E2808F6BD00CDF851 /* AppDelegate.swift */ = {isa = PBXFileReference; lastKnownFileType = sourcecode.swift; path = AppDelegate.swift; sourceTree = "<group>"; };
		1ECC47202808F6BD00CDF851 /* SceneDelegate.swift */ = {isa = PBXFileReference; lastKnownFileType = sourcecode.swift; path = SceneDelegate.swift; sourceTree = "<group>"; };
		1ECC47272808F6C200CDF851 /* Assets.xcassets */ = {isa = PBXFileReference; lastKnownFileType = folder.assetcatalog; path = Assets.xcassets; sourceTree = "<group>"; };
		1ECC472A2808F6C200CDF851 /* Base */ = {isa = PBXFileReference; lastKnownFileType = file.storyboard; name = Base; path = Base.lproj/LaunchScreen.storyboard; sourceTree = "<group>"; };
		1ECC472C2808F6C200CDF851 /* Info.plist */ = {isa = PBXFileReference; lastKnownFileType = text.plist.xml; path = Info.plist; sourceTree = "<group>"; };
		1ECC47312808F6C200CDF851 /* FlickerSearchTests.xctest */ = {isa = PBXFileReference; explicitFileType = wrapper.cfbundle; includeInIndex = 0; path = FlickerSearchTests.xctest; sourceTree = BUILT_PRODUCTS_DIR; };
		1ECC47352808F6C200CDF851 /* FlickerSearchTests.swift */ = {isa = PBXFileReference; lastKnownFileType = sourcecode.swift; path = FlickerSearchTests.swift; sourceTree = "<group>"; };
		1ECC473B2808F6C200CDF851 /* FlickerSearchUITests.xctest */ = {isa = PBXFileReference; explicitFileType = wrapper.cfbundle; includeInIndex = 0; path = FlickerSearchUITests.xctest; sourceTree = BUILT_PRODUCTS_DIR; };
		1ECC473F2808F6C200CDF851 /* FlickerSearchUITests.swift */ = {isa = PBXFileReference; lastKnownFileType = sourcecode.swift; path = FlickerSearchUITests.swift; sourceTree = "<group>"; };
		1ECC47412808F6C200CDF851 /* FlickerSearchUITestsLaunchTests.swift */ = {isa = PBXFileReference; lastKnownFileType = sourcecode.swift; path = FlickerSearchUITestsLaunchTests.swift; sourceTree = "<group>"; };
		1ECC47522808F72500CDF851 /* SearchImagePresenter.swift */ = {isa = PBXFileReference; lastKnownFileType = sourcecode.swift; path = SearchImagePresenter.swift; sourceTree = "<group>"; };
		1ECC47532808F72500CDF851 /* SearchImageRouter.swift */ = {isa = PBXFileReference; lastKnownFileType = sourcecode.swift; path = SearchImageRouter.swift; sourceTree = "<group>"; };
		1ECC47542808F72500CDF851 /* SearchImageViewController.storyboard */ = {isa = PBXFileReference; lastKnownFileType = file.storyboard; path = SearchImageViewController.storyboard; sourceTree = "<group>"; };
		1ECC47552808F72500CDF851 /* SearchImageViewController.swift */ = {isa = PBXFileReference; lastKnownFileType = sourcecode.swift; path = SearchImageViewController.swift; sourceTree = "<group>"; };
		1ECC47562808F72500CDF851 /* SearchImageInteractor.swift */ = {isa = PBXFileReference; lastKnownFileType = sourcecode.swift; path = SearchImageInteractor.swift; sourceTree = "<group>"; };
		1ECC47572808F72500CDF851 /* SearchImageProtocol.swift */ = {isa = PBXFileReference; lastKnownFileType = sourcecode.swift; path = SearchImageProtocol.swift; sourceTree = "<group>"; };
		1ECC475F280901F200CDF851 /* SearchImageResultPresenter.swift */ = {isa = PBXFileReference; lastKnownFileType = sourcecode.swift; path = SearchImageResultPresenter.swift; sourceTree = "<group>"; };
		1ECC4760280901F200CDF851 /* SearchImageResultRouter.swift */ = {isa = PBXFileReference; lastKnownFileType = sourcecode.swift; path = SearchImageResultRouter.swift; sourceTree = "<group>"; };
		1ECC4761280901F200CDF851 /* SearchImageResultViewController.storyboard */ = {isa = PBXFileReference; lastKnownFileType = file.storyboard; path = SearchImageResultViewController.storyboard; sourceTree = "<group>"; };
		1ECC4762280901F200CDF851 /* SearchImageResultViewController.swift */ = {isa = PBXFileReference; lastKnownFileType = sourcecode.swift; path = SearchImageResultViewController.swift; sourceTree = "<group>"; };
		1ECC4763280901F200CDF851 /* SearchImageResultInteractor.swift */ = {isa = PBXFileReference; lastKnownFileType = sourcecode.swift; path = SearchImageResultInteractor.swift; sourceTree = "<group>"; };
		1ECC4764280901F200CDF851 /* SearchImageResultProtocol.swift */ = {isa = PBXFileReference; lastKnownFileType = sourcecode.swift; path = SearchImageResultProtocol.swift; sourceTree = "<group>"; };
		1ECC476C2809025800CDF851 /* UserDefaultsValues.swift */ = {isa = PBXFileReference; lastKnownFileType = sourcecode.swift; path = UserDefaultsValues.swift; sourceTree = "<group>"; };
		1ED096F7280AE07200630786 /* MHView.swift */ = {isa = PBXFileReference; fileEncoding = 4; lastKnownFileType = sourcecode.swift; path = MHView.swift; sourceTree = "<group>"; };
		1ED096FD280AE4A900630786 /* ActivityFooter.swift */ = {isa = PBXFileReference; lastKnownFileType = sourcecode.swift; path = ActivityFooter.swift; sourceTree = "<group>"; };
		1ED096FF280AEC5100630786 /* SearchHistoryTests.swift */ = {isa = PBXFileReference; lastKnownFileType = sourcecode.swift; path = SearchHistoryTests.swift; sourceTree = "<group>"; };
		1ED09703280B1DC100630786 /* MoyaProvider+Decode.swift */ = {isa = PBXFileReference; lastKnownFileType = sourcecode.swift; path = "MoyaProvider+Decode.swift"; sourceTree = "<group>"; };
		1ED09707280B3CA300630786 /* SearchImagesResultInteractorTest.swift */ = {isa = PBXFileReference; lastKnownFileType = sourcecode.swift; path = SearchImagesResultInteractorTest.swift; sourceTree = "<group>"; };
		1ED164F9280C27BA008D5993 /* SearchImageUITests.swift */ = {isa = PBXFileReference; lastKnownFileType = sourcecode.swift; path = SearchImageUITests.swift; sourceTree = "<group>"; };
		1ED164FC280C2877008D5993 /* XCUIElement+Size.swift */ = {isa = PBXFileReference; fileEncoding = 4; lastKnownFileType = sourcecode.swift; path = "XCUIElement+Size.swift"; sourceTree = "<group>"; };
		1ED164FD280C2877008D5993 /* XCUIElement+Text.swift */ = {isa = PBXFileReference; fileEncoding = 4; lastKnownFileType = sourcecode.swift; path = "XCUIElement+Text.swift"; sourceTree = "<group>"; };
		1ED16501280CC0BE008D5993 /* UIViewController+Alert.swift */ = {isa = PBXFileReference; fileEncoding = 4; lastKnownFileType = sourcecode.swift; path = "UIViewController+Alert.swift"; sourceTree = "<group>"; };
/* End PBXFileReference section */

/* Begin PBXFrameworksBuildPhase section */
		1ECC47182808F6BD00CDF851 /* Frameworks */ = {
			isa = PBXFrameworksBuildPhase;
			buildActionMask = 2147483647;
			files = (
				1E6596A32809C31F002FDF10 /* Kingfisher in Frameworks */,
				1E6596942809AE38002FDF10 /* Moya in Frameworks */,
			);
			runOnlyForDeploymentPostprocessing = 0;
		};
		1ECC472E2808F6C200CDF851 /* Frameworks */ = {
			isa = PBXFrameworksBuildPhase;
			buildActionMask = 2147483647;
			files = (
			);
			runOnlyForDeploymentPostprocessing = 0;
		};
		1ECC47382808F6C200CDF851 /* Frameworks */ = {
			isa = PBXFrameworksBuildPhase;
			buildActionMask = 2147483647;
			files = (
			);
			runOnlyForDeploymentPostprocessing = 0;
		};
/* End PBXFrameworksBuildPhase section */

/* Begin PBXGroup section */
		1E6596952809AF49002FDF10 /* Networking */ = {
			isa = PBXGroup;
			children = (
				1E65969E2809B734002FDF10 /* Model */,
				1E6596972809AF5D002FDF10 /* Moya */,
				1ED09703280B1DC100630786 /* MoyaProvider+Decode.swift */,
			);
			path = Networking;
			sourceTree = "<group>";
		};
		1E6596972809AF5D002FDF10 /* Moya */ = {
			isa = PBXGroup;
			children = (
				1E65969A2809AFAA002FDF10 /* MoyaImages.swift */,
			);
			path = Moya;
			sourceTree = "<group>";
		};
		1E65969E2809B734002FDF10 /* Model */ = {
			isa = PBXGroup;
			children = (
				1E65969F2809B74E002FDF10 /* SearchImagesResponse.swift */,
			);
			path = Model;
			sourceTree = "<group>";
		};
		1E6596A42809D0C7002FDF10 /* UeserDefauls */ = {
			isa = PBXGroup;
			children = (
				1ECC476C2809025800CDF851 /* UserDefaultsValues.swift */,
			);
			path = UeserDefauls;
			sourceTree = "<group>";
		};
		1E6596A52809D0D5002FDF10 /* CollectionViewLayout */ = {
			isa = PBXGroup;
			children = (
				1E6596A62809D104002FDF10 /* CampaignLayout.swift */,
			);
			path = CollectionViewLayout;
			sourceTree = "<group>";
		};
		1EBDFE8C2809A4D50036C760 /* CVCells */ = {
			isa = PBXGroup;
			children = (
				1EBDFE8D2809A5080036C760 /* ImageCVCell.swift */,
				1EBDFE8E2809A5080036C760 /* ImageCVCell.xib */,
			);
			path = CVCells;
			sourceTree = "<group>";
		};
		1ECC47122808F6BD00CDF851 = {
			isa = PBXGroup;
			children = (
				1ECC471D2808F6BD00CDF851 /* FlickerSearch */,
				1ECC47342808F6C200CDF851 /* FlickerSearchTests */,
				1ECC473E2808F6C200CDF851 /* FlickerSearchUITests */,
				1ECC471C2808F6BD00CDF851 /* Products */,
			);
			sourceTree = "<group>";
		};
		1ECC471C2808F6BD00CDF851 /* Products */ = {
			isa = PBXGroup;
			children = (
				1ECC471B2808F6BD00CDF851 /* FlickerSearch.app */,
				1ECC47312808F6C200CDF851 /* FlickerSearchTests.xctest */,
				1ECC473B2808F6C200CDF851 /* FlickerSearchUITests.xctest */,
			);
			name = Products;
			sourceTree = "<group>";
		};
		1ECC471D2808F6BD00CDF851 /* FlickerSearch */ = {
			isa = PBXGroup;
			children = (
				1ED096F5280AE05400630786 /* CustomViews */,
				1E6596952809AF49002FDF10 /* Networking */,
				1ECC476B2809024400CDF851 /* Utilities */,
				1ECC474E2808F6C900CDF851 /* Application */,
				1ECC47502808F6D900CDF851 /* Supporting */,
				1ECC474F2808F6D100CDF851 /* VIPER */,
			);
			path = FlickerSearch;
			sourceTree = "<group>";
		};
		1ECC47342808F6C200CDF851 /* FlickerSearchTests */ = {
			isa = PBXGroup;
			children = (
				1ECC47352808F6C200CDF851 /* FlickerSearchTests.swift */,
				1ED096FF280AEC5100630786 /* SearchHistoryTests.swift */,
				1ED09707280B3CA300630786 /* SearchImagesResultInteractorTest.swift */,
			);
			path = FlickerSearchTests;
			sourceTree = "<group>";
		};
		1ECC473E2808F6C200CDF851 /* FlickerSearchUITests */ = {
			isa = PBXGroup;
			children = (
				1ED164FB280C2877008D5993 /* Extension */,
				1ECC473F2808F6C200CDF851 /* FlickerSearchUITests.swift */,
				1ED164F9280C27BA008D5993 /* SearchImageUITests.swift */,
				1ECC47412808F6C200CDF851 /* FlickerSearchUITestsLaunchTests.swift */,
			);
			path = FlickerSearchUITests;
			sourceTree = "<group>";
		};
		1ECC474E2808F6C900CDF851 /* Application */ = {
			isa = PBXGroup;
			children = (
				1ECC471E2808F6BD00CDF851 /* AppDelegate.swift */,
				1ECC47202808F6BD00CDF851 /* SceneDelegate.swift */,
			);
			path = Application;
			sourceTree = "<group>";
		};
		1ECC474F2808F6D100CDF851 /* VIPER */ = {
			isa = PBXGroup;
			children = (
				1ECC47512808F71100CDF851 /* SearchImage */,
				1ECC475E280901CC00CDF851 /* SearchImageResult */,
			);
			path = VIPER;
			sourceTree = "<group>";
		};
		1ECC47502808F6D900CDF851 /* Supporting */ = {
			isa = PBXGroup;
			children = (
				1ECC47272808F6C200CDF851 /* Assets.xcassets */,
				1ECC47292808F6C200CDF851 /* LaunchScreen.storyboard */,
				1ECC472C2808F6C200CDF851 /* Info.plist */,
			);
			path = Supporting;
			sourceTree = "<group>";
		};
		1ECC47512808F71100CDF851 /* SearchImage */ = {
			isa = PBXGroup;
			children = (
				1ECC47522808F72500CDF851 /* SearchImagePresenter.swift */,
				1ECC47532808F72500CDF851 /* SearchImageRouter.swift */,
				1ECC47542808F72500CDF851 /* SearchImageViewController.storyboard */,
				1ECC47552808F72500CDF851 /* SearchImageViewController.swift */,
				1ECC47562808F72500CDF851 /* SearchImageInteractor.swift */,
				1ECC47572808F72500CDF851 /* SearchImageProtocol.swift */,
			);
			path = SearchImage;
			sourceTree = "<group>";
		};
		1ECC475E280901CC00CDF851 /* SearchImageResult */ = {
			isa = PBXGroup;
			children = (
				1ED096F9280AE3E600630786 /* Components */,
				1ECC475F280901F200CDF851 /* SearchImageResultPresenter.swift */,
				1ECC4760280901F200CDF851 /* SearchImageResultRouter.swift */,
				1ECC4761280901F200CDF851 /* SearchImageResultViewController.storyboard */,
				1ECC4762280901F200CDF851 /* SearchImageResultViewController.swift */,
				1ECC4763280901F200CDF851 /* SearchImageResultInteractor.swift */,
				1ECC4764280901F200CDF851 /* SearchImageResultProtocol.swift */,
			);
			path = SearchImageResult;
			sourceTree = "<group>";
		};
		1ECC476B2809024400CDF851 /* Utilities */ = {
			isa = PBXGroup;
			children = (
				1ED16500280CC0AF008D5993 /* Alerts */,
				1E6596A52809D0D5002FDF10 /* CollectionViewLayout */,
				1E6596A42809D0C7002FDF10 /* UeserDefauls */,
			);
			path = Utilities;
			sourceTree = "<group>";
		};
		1ED096F5280AE05400630786 /* CustomViews */ = {
			isa = PBXGroup;
			children = (
				1ED096F6280AE06300630786 /* MHViews */,
			);
			path = CustomViews;
			sourceTree = "<group>";
		};
		1ED096F6280AE06300630786 /* MHViews */ = {
			isa = PBXGroup;
			children = (
				1ED096F7280AE07200630786 /* MHView.swift */,
			);
			path = MHViews;
			sourceTree = "<group>";
		};
		1ED096F9280AE3E600630786 /* Components */ = {
			isa = PBXGroup;
			children = (
				1ED096FA280AE3EE00630786 /* ActivityFooter */,
				1EBDFE8C2809A4D50036C760 /* CVCells */,
			);
			path = Components;
			sourceTree = "<group>";
		};
		1ED096FA280AE3EE00630786 /* ActivityFooter */ = {
			isa = PBXGroup;
			children = (
				1ED096FD280AE4A900630786 /* ActivityFooter.swift */,
			);
			path = ActivityFooter;
			sourceTree = "<group>";
		};
		1ED164FB280C2877008D5993 /* Extension */ = {
			isa = PBXGroup;
			children = (
				1ED164FC280C2877008D5993 /* XCUIElement+Size.swift */,
				1ED164FD280C2877008D5993 /* XCUIElement+Text.swift */,
			);
			path = Extension;
			sourceTree = "<group>";
		};
		1ED16500280CC0AF008D5993 /* Alerts */ = {
			isa = PBXGroup;
			children = (
				1ED16501280CC0BE008D5993 /* UIViewController+Alert.swift */,
			);
			path = Alerts;
			sourceTree = "<group>";
		};
/* End PBXGroup section */

/* Begin PBXNativeTarget section */
		1ECC471A2808F6BD00CDF851 /* FlickerSearch */ = {
			isa = PBXNativeTarget;
			buildConfigurationList = 1ECC47452808F6C200CDF851 /* Build configuration list for PBXNativeTarget "FlickerSearch" */;
			buildPhases = (
				1ECC47172808F6BD00CDF851 /* Sources */,
				1ECC47182808F6BD00CDF851 /* Frameworks */,
				1ECC47192808F6BD00CDF851 /* Resources */,
			);
			buildRules = (
			);
			dependencies = (
			);
			name = FlickerSearch;
			packageProductDependencies = (
				1E6596932809AE38002FDF10 /* Moya */,
				1E6596A22809C31F002FDF10 /* Kingfisher */,
			);
			productName = FlickerSearch;
			productReference = 1ECC471B2808F6BD00CDF851 /* FlickerSearch.app */;
			productType = "com.apple.product-type.application";
		};
		1ECC47302808F6C200CDF851 /* FlickerSearchTests */ = {
			isa = PBXNativeTarget;
			buildConfigurationList = 1ECC47482808F6C200CDF851 /* Build configuration list for PBXNativeTarget "FlickerSearchTests" */;
			buildPhases = (
				1ECC472D2808F6C200CDF851 /* Sources */,
				1ECC472E2808F6C200CDF851 /* Frameworks */,
				1ECC472F2808F6C200CDF851 /* Resources */,
			);
			buildRules = (
			);
			dependencies = (
				1ECC47332808F6C200CDF851 /* PBXTargetDependency */,
			);
			name = FlickerSearchTests;
			productName = FlickerSearchTests;
			productReference = 1ECC47312808F6C200CDF851 /* FlickerSearchTests.xctest */;
			productType = "com.apple.product-type.bundle.unit-test";
		};
		1ECC473A2808F6C200CDF851 /* FlickerSearchUITests */ = {
			isa = PBXNativeTarget;
			buildConfigurationList = 1ECC474B2808F6C200CDF851 /* Build configuration list for PBXNativeTarget "FlickerSearchUITests" */;
			buildPhases = (
				1ECC47372808F6C200CDF851 /* Sources */,
				1ECC47382808F6C200CDF851 /* Frameworks */,
				1ECC47392808F6C200CDF851 /* Resources */,
			);
			buildRules = (
			);
			dependencies = (
				1ECC473D2808F6C200CDF851 /* PBXTargetDependency */,
			);
			name = FlickerSearchUITests;
			productName = FlickerSearchUITests;
			productReference = 1ECC473B2808F6C200CDF851 /* FlickerSearchUITests.xctest */;
			productType = "com.apple.product-type.bundle.ui-testing";
		};
/* End PBXNativeTarget section */

/* Begin PBXProject section */
		1ECC47132808F6BD00CDF851 /* Project object */ = {
			isa = PBXProject;
			attributes = {
				BuildIndependentTargetsInParallel = 1;
				LastSwiftUpdateCheck = 1300;
				LastUpgradeCheck = 1300;
				TargetAttributes = {
					1ECC471A2808F6BD00CDF851 = {
						CreatedOnToolsVersion = 13.0;
					};
					1ECC47302808F6C200CDF851 = {
						CreatedOnToolsVersion = 13.0;
						TestTargetID = 1ECC471A2808F6BD00CDF851;
					};
					1ECC473A2808F6C200CDF851 = {
						CreatedOnToolsVersion = 13.0;
						TestTargetID = 1ECC471A2808F6BD00CDF851;
					};
				};
			};
			buildConfigurationList = 1ECC47162808F6BD00CDF851 /* Build configuration list for PBXProject "FlickerSearch" */;
			compatibilityVersion = "Xcode 13.0";
			developmentRegion = en;
			hasScannedForEncodings = 0;
			knownRegions = (
				en,
				Base,
			);
			mainGroup = 1ECC47122808F6BD00CDF851;
			packageReferences = (
				1E6596922809AE38002FDF10 /* XCRemoteSwiftPackageReference "Moya" */,
				1E6596A12809C31F002FDF10 /* XCRemoteSwiftPackageReference "Kingfisher" */,
			);
			productRefGroup = 1ECC471C2808F6BD00CDF851 /* Products */;
			projectDirPath = "";
			projectRoot = "";
			targets = (
				1ECC471A2808F6BD00CDF851 /* FlickerSearch */,
				1ECC47302808F6C200CDF851 /* FlickerSearchTests */,
				1ECC473A2808F6C200CDF851 /* FlickerSearchUITests */,
			);
		};
/* End PBXProject section */

/* Begin PBXResourcesBuildPhase section */
		1ECC47192808F6BD00CDF851 /* Resources */ = {
			isa = PBXResourcesBuildPhase;
			buildActionMask = 2147483647;
			files = (
				1ECC4767280901F200CDF851 /* SearchImageResultViewController.storyboard in Resources */,
				1ECC472B2808F6C200CDF851 /* LaunchScreen.storyboard in Resources */,
				1ECC475A2808F72500CDF851 /* SearchImageViewController.storyboard in Resources */,
				1ECC47282808F6C200CDF851 /* Assets.xcassets in Resources */,
				1EBDFE902809A5080036C760 /* ImageCVCell.xib in Resources */,
			);
			runOnlyForDeploymentPostprocessing = 0;
		};
		1ECC472F2808F6C200CDF851 /* Resources */ = {
			isa = PBXResourcesBuildPhase;
			buildActionMask = 2147483647;
			files = (
			);
			runOnlyForDeploymentPostprocessing = 0;
		};
		1ECC47392808F6C200CDF851 /* Resources */ = {
			isa = PBXResourcesBuildPhase;
			buildActionMask = 2147483647;
			files = (
			);
			runOnlyForDeploymentPostprocessing = 0;
		};
/* End PBXResourcesBuildPhase section */

/* Begin PBXSourcesBuildPhase section */
		1ECC47172808F6BD00CDF851 /* Sources */ = {
			isa = PBXSourcesBuildPhase;
			buildActionMask = 2147483647;
			files = (
				1ED096F8280AE07200630786 /* MHView.swift in Sources */,
				1ECC476A280901F200CDF851 /* SearchImageResultProtocol.swift in Sources */,
				1ECC475D2808F72500CDF851 /* SearchImageProtocol.swift in Sources */,
				1ECC475B2808F72500CDF851 /* SearchImageViewController.swift in Sources */,
				1ECC47592808F72500CDF851 /* SearchImageRouter.swift in Sources */,
				1EBDFE8F2809A5080036C760 /* ImageCVCell.swift in Sources */,
				1ED16502280CC0BE008D5993 /* UIViewController+Alert.swift in Sources */,
				1ECC4768280901F200CDF851 /* SearchImageResultViewController.swift in Sources */,
				1ECC4769280901F200CDF851 /* SearchImageResultInteractor.swift in Sources */,
				1E65969B2809AFAA002FDF10 /* MoyaImages.swift in Sources */,
				1ECC471F2808F6BD00CDF851 /* AppDelegate.swift in Sources */,
				1ED096FE280AE4A900630786 /* ActivityFooter.swift in Sources */,
				1ECC4766280901F200CDF851 /* SearchImageResultRouter.swift in Sources */,
				1ECC47212808F6BD00CDF851 /* SceneDelegate.swift in Sources */,
				1ECC475C2808F72500CDF851 /* SearchImageInteractor.swift in Sources */,
				1E6596A02809B74E002FDF10 /* SearchImagesResponse.swift in Sources */,
				1ECC4765280901F200CDF851 /* SearchImageResultPresenter.swift in Sources */,
				1ED09704280B1DC100630786 /* MoyaProvider+Decode.swift in Sources */,
				1ECC47582808F72500CDF851 /* SearchImagePresenter.swift in Sources */,
				1ECC476D2809025800CDF851 /* UserDefaultsValues.swift in Sources */,
				1E6596A72809D104002FDF10 /* CampaignLayout.swift in Sources */,
			);
			runOnlyForDeploymentPostprocessing = 0;
		};
		1ECC472D2808F6C200CDF851 /* Sources */ = {
			isa = PBXSourcesBuildPhase;
			buildActionMask = 2147483647;
			files = (
				1ED09700280AEC5100630786 /* SearchHistoryTests.swift in Sources */,
				1ECC47362808F6C200CDF851 /* FlickerSearchTests.swift in Sources */,
				1ED09708280B3CA300630786 /* SearchImagesResultInteractorTest.swift in Sources */,
			);
			runOnlyForDeploymentPostprocessing = 0;
		};
		1ECC47372808F6C200CDF851 /* Sources */ = {
			isa = PBXSourcesBuildPhase;
			buildActionMask = 2147483647;
			files = (
				1ED164FF280C2878008D5993 /* XCUIElement+Text.swift in Sources */,
				1ECC47402808F6C200CDF851 /* FlickerSearchUITests.swift in Sources */,
				1ECC47422808F6C200CDF851 /* FlickerSearchUITestsLaunchTests.swift in Sources */,
				1ED164FE280C2878008D5993 /* XCUIElement+Size.swift in Sources */,
				1ED164FA280C27BA008D5993 /* SearchImageUITests.swift in Sources */,
			);
			runOnlyForDeploymentPostprocessing = 0;
		};
/* End PBXSourcesBuildPhase section */

/* Begin PBXTargetDependency section */
		1ECC47332808F6C200CDF851 /* PBXTargetDependency */ = {
			isa = PBXTargetDependency;
			target = 1ECC471A2808F6BD00CDF851 /* FlickerSearch */;
			targetProxy = 1ECC47322808F6C200CDF851 /* PBXContainerItemProxy */;
		};
		1ECC473D2808F6C200CDF851 /* PBXTargetDependency */ = {
			isa = PBXTargetDependency;
			target = 1ECC471A2808F6BD00CDF851 /* FlickerSearch */;
			targetProxy = 1ECC473C2808F6C200CDF851 /* PBXContainerItemProxy */;
		};
/* End PBXTargetDependency section */

/* Begin PBXVariantGroup section */
		1ECC47292808F6C200CDF851 /* LaunchScreen.storyboard */ = {
			isa = PBXVariantGroup;
			children = (
				1ECC472A2808F6C200CDF851 /* Base */,
			);
			name = LaunchScreen.storyboard;
			sourceTree = "<group>";
		};
/* End PBXVariantGroup section */

/* Begin XCBuildConfiguration section */
		1ECC47432808F6C200CDF851 /* Debug */ = {
			isa = XCBuildConfiguration;
			buildSettings = {
				ALWAYS_SEARCH_USER_PATHS = NO;
				CLANG_ANALYZER_NONNULL = YES;
				CLANG_ANALYZER_NUMBER_OBJECT_CONVERSION = YES_AGGRESSIVE;
				CLANG_CXX_LANGUAGE_STANDARD = "gnu++17";
				CLANG_CXX_LIBRARY = "libc++";
				CLANG_ENABLE_MODULES = YES;
				CLANG_ENABLE_OBJC_ARC = YES;
				CLANG_ENABLE_OBJC_WEAK = YES;
				CLANG_WARN_BLOCK_CAPTURE_AUTORELEASING = YES;
				CLANG_WARN_BOOL_CONVERSION = YES;
				CLANG_WARN_COMMA = YES;
				CLANG_WARN_CONSTANT_CONVERSION = YES;
				CLANG_WARN_DEPRECATED_OBJC_IMPLEMENTATIONS = YES;
				CLANG_WARN_DIRECT_OBJC_ISA_USAGE = YES_ERROR;
				CLANG_WARN_DOCUMENTATION_COMMENTS = YES;
				CLANG_WARN_EMPTY_BODY = YES;
				CLANG_WARN_ENUM_CONVERSION = YES;
				CLANG_WARN_INFINITE_RECURSION = YES;
				CLANG_WARN_INT_CONVERSION = YES;
				CLANG_WARN_NON_LITERAL_NULL_CONVERSION = YES;
				CLANG_WARN_OBJC_IMPLICIT_RETAIN_SELF = YES;
				CLANG_WARN_OBJC_LITERAL_CONVERSION = YES;
				CLANG_WARN_OBJC_ROOT_CLASS = YES_ERROR;
				CLANG_WARN_QUOTED_INCLUDE_IN_FRAMEWORK_HEADER = YES;
				CLANG_WARN_RANGE_LOOP_ANALYSIS = YES;
				CLANG_WARN_STRICT_PROTOTYPES = YES;
				CLANG_WARN_SUSPICIOUS_MOVE = YES;
				CLANG_WARN_UNGUARDED_AVAILABILITY = YES_AGGRESSIVE;
				CLANG_WARN_UNREACHABLE_CODE = YES;
				CLANG_WARN__DUPLICATE_METHOD_MATCH = YES;
				COPY_PHASE_STRIP = NO;
				DEBUG_INFORMATION_FORMAT = dwarf;
				ENABLE_STRICT_OBJC_MSGSEND = YES;
				ENABLE_TESTABILITY = YES;
				GCC_C_LANGUAGE_STANDARD = gnu11;
				GCC_DYNAMIC_NO_PIC = NO;
				GCC_NO_COMMON_BLOCKS = YES;
				GCC_OPTIMIZATION_LEVEL = 0;
				GCC_PREPROCESSOR_DEFINITIONS = (
					"DEBUG=1",
					"$(inherited)",
				);
				GCC_WARN_64_TO_32_BIT_CONVERSION = YES;
				GCC_WARN_ABOUT_RETURN_TYPE = YES_ERROR;
				GCC_WARN_UNDECLARED_SELECTOR = YES;
				GCC_WARN_UNINITIALIZED_AUTOS = YES_AGGRESSIVE;
				GCC_WARN_UNUSED_FUNCTION = YES;
				GCC_WARN_UNUSED_VARIABLE = YES;
				IPHONEOS_DEPLOYMENT_TARGET = 15.0;
				MTL_ENABLE_DEBUG_INFO = INCLUDE_SOURCE;
				MTL_FAST_MATH = YES;
				ONLY_ACTIVE_ARCH = YES;
				SDKROOT = iphoneos;
				SWIFT_ACTIVE_COMPILATION_CONDITIONS = DEBUG;
				SWIFT_OPTIMIZATION_LEVEL = "-Onone";
			};
			name = Debug;
		};
		1ECC47442808F6C200CDF851 /* Release */ = {
			isa = XCBuildConfiguration;
			buildSettings = {
				ALWAYS_SEARCH_USER_PATHS = NO;
				CLANG_ANALYZER_NONNULL = YES;
				CLANG_ANALYZER_NUMBER_OBJECT_CONVERSION = YES_AGGRESSIVE;
				CLANG_CXX_LANGUAGE_STANDARD = "gnu++17";
				CLANG_CXX_LIBRARY = "libc++";
				CLANG_ENABLE_MODULES = YES;
				CLANG_ENABLE_OBJC_ARC = YES;
				CLANG_ENABLE_OBJC_WEAK = YES;
				CLANG_WARN_BLOCK_CAPTURE_AUTORELEASING = YES;
				CLANG_WARN_BOOL_CONVERSION = YES;
				CLANG_WARN_COMMA = YES;
				CLANG_WARN_CONSTANT_CONVERSION = YES;
				CLANG_WARN_DEPRECATED_OBJC_IMPLEMENTATIONS = YES;
				CLANG_WARN_DIRECT_OBJC_ISA_USAGE = YES_ERROR;
				CLANG_WARN_DOCUMENTATION_COMMENTS = YES;
				CLANG_WARN_EMPTY_BODY = YES;
				CLANG_WARN_ENUM_CONVERSION = YES;
				CLANG_WARN_INFINITE_RECURSION = YES;
				CLANG_WARN_INT_CONVERSION = YES;
				CLANG_WARN_NON_LITERAL_NULL_CONVERSION = YES;
				CLANG_WARN_OBJC_IMPLICIT_RETAIN_SELF = YES;
				CLANG_WARN_OBJC_LITERAL_CONVERSION = YES;
				CLANG_WARN_OBJC_ROOT_CLASS = YES_ERROR;
				CLANG_WARN_QUOTED_INCLUDE_IN_FRAMEWORK_HEADER = YES;
				CLANG_WARN_RANGE_LOOP_ANALYSIS = YES;
				CLANG_WARN_STRICT_PROTOTYPES = YES;
				CLANG_WARN_SUSPICIOUS_MOVE = YES;
				CLANG_WARN_UNGUARDED_AVAILABILITY = YES_AGGRESSIVE;
				CLANG_WARN_UNREACHABLE_CODE = YES;
				CLANG_WARN__DUPLICATE_METHOD_MATCH = YES;
				COPY_PHASE_STRIP = NO;
				DEBUG_INFORMATION_FORMAT = "dwarf-with-dsym";
				ENABLE_NS_ASSERTIONS = NO;
				ENABLE_STRICT_OBJC_MSGSEND = YES;
				GCC_C_LANGUAGE_STANDARD = gnu11;
				GCC_NO_COMMON_BLOCKS = YES;
				GCC_WARN_64_TO_32_BIT_CONVERSION = YES;
				GCC_WARN_ABOUT_RETURN_TYPE = YES_ERROR;
				GCC_WARN_UNDECLARED_SELECTOR = YES;
				GCC_WARN_UNINITIALIZED_AUTOS = YES_AGGRESSIVE;
				GCC_WARN_UNUSED_FUNCTION = YES;
				GCC_WARN_UNUSED_VARIABLE = YES;
				IPHONEOS_DEPLOYMENT_TARGET = 15.0;
				MTL_ENABLE_DEBUG_INFO = NO;
				MTL_FAST_MATH = YES;
				SDKROOT = iphoneos;
				SWIFT_COMPILATION_MODE = wholemodule;
				SWIFT_OPTIMIZATION_LEVEL = "-O";
				VALIDATE_PRODUCT = YES;
			};
			name = Release;
		};
		1ECC47462808F6C200CDF851 /* Debug */ = {
			isa = XCBuildConfiguration;
			buildSettings = {
				ASSETCATALOG_COMPILER_APPICON_NAME = AppIcon;
				ASSETCATALOG_COMPILER_GLOBAL_ACCENT_COLOR_NAME = AccentColor;
				CODE_SIGN_STYLE = Automatic;
				CURRENT_PROJECT_VERSION = 1;
				DEVELOPMENT_TEAM = LYKU2NPL99;
				GENERATE_INFOPLIST_FILE = YES;
				INFOPLIST_FILE = FlickerSearch/Supporting/Info.plist;
				INFOPLIST_KEY_UIApplicationSupportsIndirectInputEvents = YES;
				INFOPLIST_KEY_UILaunchStoryboardName = LaunchScreen;
				INFOPLIST_KEY_UISupportedInterfaceOrientations_iPad = "UIInterfaceOrientationPortrait UIInterfaceOrientationPortraitUpsideDown UIInterfaceOrientationLandscapeLeft UIInterfaceOrientationLandscapeRight";
				INFOPLIST_KEY_UISupportedInterfaceOrientations_iPhone = "UIInterfaceOrientationPortrait UIInterfaceOrientationLandscapeLeft UIInterfaceOrientationLandscapeRight";
				LD_RUNPATH_SEARCH_PATHS = (
					"$(inherited)",
					"@executable_path/Frameworks",
				);
				MARKETING_VERSION = 1.0;
				PRODUCT_BUNDLE_IDENTIFIER = com.mahmoudsmgl.FlickerSearch;
				PRODUCT_NAME = "$(TARGET_NAME)";
				SWIFT_EMIT_LOC_STRINGS = YES;
				SWIFT_VERSION = 5.0;
				TARGETED_DEVICE_FAMILY = "1,2";
			};
			name = Debug;
		};
		1ECC47472808F6C200CDF851 /* Release */ = {
			isa = XCBuildConfiguration;
			buildSettings = {
				ASSETCATALOG_COMPILER_APPICON_NAME = AppIcon;
				ASSETCATALOG_COMPILER_GLOBAL_ACCENT_COLOR_NAME = AccentColor;
				CODE_SIGN_STYLE = Automatic;
				CURRENT_PROJECT_VERSION = 1;
				DEVELOPMENT_TEAM = LYKU2NPL99;
				GENERATE_INFOPLIST_FILE = YES;
				INFOPLIST_FILE = FlickerSearch/Supporting/Info.plist;
				INFOPLIST_KEY_UIApplicationSupportsIndirectInputEvents = YES;
				INFOPLIST_KEY_UILaunchStoryboardName = LaunchScreen;
				INFOPLIST_KEY_UISupportedInterfaceOrientations_iPad = "UIInterfaceOrientationPortrait UIInterfaceOrientationPortraitUpsideDown UIInterfaceOrientationLandscapeLeft UIInterfaceOrientationLandscapeRight";
				INFOPLIST_KEY_UISupportedInterfaceOrientations_iPhone = "UIInterfaceOrientationPortrait UIInterfaceOrientationLandscapeLeft UIInterfaceOrientationLandscapeRight";
				LD_RUNPATH_SEARCH_PATHS = (
					"$(inherited)",
					"@executable_path/Frameworks",
				);
				MARKETING_VERSION = 1.0;
				PRODUCT_BUNDLE_IDENTIFIER = com.mahmoudsmgl.FlickerSearch;
				PRODUCT_NAME = "$(TARGET_NAME)";
				SWIFT_EMIT_LOC_STRINGS = YES;
				SWIFT_VERSION = 5.0;
				TARGETED_DEVICE_FAMILY = "1,2";
			};
			name = Release;
		};
		1ECC47492808F6C200CDF851 /* Debug */ = {
			isa = XCBuildConfiguration;
			buildSettings = {
				ALWAYS_EMBED_SWIFT_STANDARD_LIBRARIES = YES;
				BUNDLE_LOADER = "$(TEST_HOST)";
				CODE_SIGN_STYLE = Automatic;
				CURRENT_PROJECT_VERSION = 1;
				DEVELOPMENT_TEAM = LYKU2NPL99;
				GENERATE_INFOPLIST_FILE = YES;
				IPHONEOS_DEPLOYMENT_TARGET = 15.0;
				LD_RUNPATH_SEARCH_PATHS = (
					"$(inherited)",
					"@executable_path/Frameworks",
					"@loader_path/Frameworks",
				);
				MARKETING_VERSION = 1.0;
				PRODUCT_BUNDLE_IDENTIFIER = com.mahmoudsmgl.FlickerSearchTests;
				PRODUCT_NAME = "$(TARGET_NAME)";
				SWIFT_EMIT_LOC_STRINGS = NO;
				SWIFT_VERSION = 5.0;
				TARGETED_DEVICE_FAMILY = "1,2";
				TEST_HOST = "$(BUILT_PRODUCTS_DIR)/FlickerSearch.app/FlickerSearch";
			};
			name = Debug;
		};
		1ECC474A2808F6C200CDF851 /* Release */ = {
			isa = XCBuildConfiguration;
			buildSettings = {
				ALWAYS_EMBED_SWIFT_STANDARD_LIBRARIES = YES;
				BUNDLE_LOADER = "$(TEST_HOST)";
				CODE_SIGN_STYLE = Automatic;
				CURRENT_PROJECT_VERSION = 1;
				DEVELOPMENT_TEAM = LYKU2NPL99;
				GENERATE_INFOPLIST_FILE = YES;
				IPHONEOS_DEPLOYMENT_TARGET = 15.0;
				LD_RUNPATH_SEARCH_PATHS = (
					"$(inherited)",
					"@executable_path/Frameworks",
					"@loader_path/Frameworks",
				);
				MARKETING_VERSION = 1.0;
				PRODUCT_BUNDLE_IDENTIFIER = com.mahmoudsmgl.FlickerSearchTests;
				PRODUCT_NAME = "$(TARGET_NAME)";
				SWIFT_EMIT_LOC_STRINGS = NO;
				SWIFT_VERSION = 5.0;
				TARGETED_DEVICE_FAMILY = "1,2";
				TEST_HOST = "$(BUILT_PRODUCTS_DIR)/FlickerSearch.app/FlickerSearch";
			};
			name = Release;
		};
		1ECC474C2808F6C200CDF851 /* Debug */ = {
			isa = XCBuildConfiguration;
			buildSettings = {
				ALWAYS_EMBED_SWIFT_STANDARD_LIBRARIES = YES;
				CODE_SIGN_STYLE = Automatic;
				CURRENT_PROJECT_VERSION = 1;
				DEVELOPMENT_TEAM = LYKU2NPL99;
				GENERATE_INFOPLIST_FILE = YES;
				LD_RUNPATH_SEARCH_PATHS = (
					"$(inherited)",
					"@executable_path/Frameworks",
					"@loader_path/Frameworks",
				);
				MARKETING_VERSION = 1.0;
				PRODUCT_BUNDLE_IDENTIFIER = com.mahmoudsmgl.FlickerSearchUITests;
				PRODUCT_NAME = "$(TARGET_NAME)";
				SWIFT_EMIT_LOC_STRINGS = NO;
				SWIFT_VERSION = 5.0;
				TARGETED_DEVICE_FAMILY = "1,2";
				TEST_TARGET_NAME = FlickerSearch;
			};
			name = Debug;
		};
		1ECC474D2808F6C200CDF851 /* Release */ = {
			isa = XCBuildConfiguration;
			buildSettings = {
				ALWAYS_EMBED_SWIFT_STANDARD_LIBRARIES = YES;
				CODE_SIGN_STYLE = Automatic;
				CURRENT_PROJECT_VERSION = 1;
				DEVELOPMENT_TEAM = LYKU2NPL99;
				GENERATE_INFOPLIST_FILE = YES;
				LD_RUNPATH_SEARCH_PATHS = (
					"$(inherited)",
					"@executable_path/Frameworks",
					"@loader_path/Frameworks",
				);
				MARKETING_VERSION = 1.0;
				PRODUCT_BUNDLE_IDENTIFIER = com.mahmoudsmgl.FlickerSearchUITests;
				PRODUCT_NAME = "$(TARGET_NAME)";
				SWIFT_EMIT_LOC_STRINGS = NO;
				SWIFT_VERSION = 5.0;
				TARGETED_DEVICE_FAMILY = "1,2";
				TEST_TARGET_NAME = FlickerSearch;
			};
			name = Release;
		};
/* End XCBuildConfiguration section */

/* Begin XCConfigurationList section */
		1ECC47162808F6BD00CDF851 /* Build configuration list for PBXProject "FlickerSearch" */ = {
			isa = XCConfigurationList;
			buildConfigurations = (
				1ECC47432808F6C200CDF851 /* Debug */,
				1ECC47442808F6C200CDF851 /* Release */,
			);
			defaultConfigurationIsVisible = 0;
			defaultConfigurationName = Release;
		};
		1ECC47452808F6C200CDF851 /* Build configuration list for PBXNativeTarget "FlickerSearch" */ = {
			isa = XCConfigurationList;
			buildConfigurations = (
				1ECC47462808F6C200CDF851 /* Debug */,
				1ECC47472808F6C200CDF851 /* Release */,
			);
			defaultConfigurationIsVisible = 0;
			defaultConfigurationName = Release;
		};
		1ECC47482808F6C200CDF851 /* Build configuration list for PBXNativeTarget "FlickerSearchTests" */ = {
			isa = XCConfigurationList;
			buildConfigurations = (
				1ECC47492808F6C200CDF851 /* Debug */,
				1ECC474A2808F6C200CDF851 /* Release */,
			);
			defaultConfigurationIsVisible = 0;
			defaultConfigurationName = Release;
		};
		1ECC474B2808F6C200CDF851 /* Build configuration list for PBXNativeTarget "FlickerSearchUITests" */ = {
			isa = XCConfigurationList;
			buildConfigurations = (
				1ECC474C2808F6C200CDF851 /* Debug */,
				1ECC474D2808F6C200CDF851 /* Release */,
			);
			defaultConfigurationIsVisible = 0;
			defaultConfigurationName = Release;
		};
/* End XCConfigurationList section */

/* Begin XCRemoteSwiftPackageReference section */
		1E6596922809AE38002FDF10 /* XCRemoteSwiftPackageReference "Moya" */ = {
			isa = XCRemoteSwiftPackageReference;
			repositoryURL = "https://github.com/Moya/Moya.git";
			requirement = {
				branch = master;
				kind = branch;
			};
		};
		1E6596A12809C31F002FDF10 /* XCRemoteSwiftPackageReference "Kingfisher" */ = {
			isa = XCRemoteSwiftPackageReference;
			repositoryURL = "https://github.com/onevcat/Kingfisher.git";
			requirement = {
				kind = upToNextMajorVersion;
				minimumVersion = 7.0.0;
			};
		};
/* End XCRemoteSwiftPackageReference section */

/* Begin XCSwiftPackageProductDependency section */
		1E6596932809AE38002FDF10 /* Moya */ = {
			isa = XCSwiftPackageProductDependency;
			package = 1E6596922809AE38002FDF10 /* XCRemoteSwiftPackageReference "Moya" */;
			productName = Moya;
		};
		1E6596A22809C31F002FDF10 /* Kingfisher */ = {
			isa = XCSwiftPackageProductDependency;
			package = 1E6596A12809C31F002FDF10 /* XCRemoteSwiftPackageReference "Kingfisher" */;
			productName = Kingfisher;
		};
/* End XCSwiftPackageProductDependency section */
	};
	rootObject = 1ECC47132808F6BD00CDF851 /* Project object */;
}
